
Microsoft Visual Studio Solution File, Format Version 12.00
# Visual Studio 14
VisualStudioVersion = 14.0.25420.1
MinimumVisualStudioVersion = 10.0.40219.1
Project("{8BB2217D-0F2D-49D1-97BC-3654ED321F3B}") = "ApplicantProfile.Model", "ApplicantProfile.Model\ApplicantProfile.Model.xproj", "{8FDDDD24-4E59-445C-B310-AC64325D909C}"
EndProject
Project("{8BB2217D-0F2D-49D1-97BC-3654ED321F3B}") = "ApplicantProfile.Data", "ApplicantProfile.Data\ApplicantProfile.Data.xproj", "{9EB098D4-57FB-448C-9FBA-1DF90AEE039E}"
EndProject
Project("{8BB2217D-0F2D-49D1-97BC-3654ED321F3B}") = "ApplicantProfile.API", "ApplicantProfile.API\ApplicantProfile.API.xproj", "{2AA61578-CF0E-4195-BBB8-771A779B6B6D}"
EndProject
Global
	GlobalSection(SolutionConfigurationPlatforms) = preSolution
		Debug|Any CPU = Debug|Any CPU
		Release|Any CPU = Release|Any CPU
	EndGlobalSection
	GlobalSection(ProjectConfigurationPlatforms) = postSolution
		{8FDDDD24-4E59-445C-B310-AC64325D909C}.Debug|Any CPU.ActiveCfg = Debug|Any CPU
		{8FDDDD24-4E59-445C-B310-AC64325D909C}.Debug|Any CPU.Build.0 = Debug|Any CPU
		{8FDDDD24-4E59-445C-B310-AC64325D909C}.Release|Any CPU.ActiveCfg = Release|Any CPU
		{8FDDDD24-4E59-445C-B310-AC64325D909C}.Release|Any CPU.Build.0 = Release|Any CPU
		{9EB098D4-57FB-448C-9FBA-1DF90AEE039E}.Debug|Any CPU.ActiveCfg = Debug|Any CPU
		{9EB098D4-57FB-448C-9FBA-1DF90AEE039E}.Debug|Any CPU.Build.0 = Debug|Any CPU
		{9EB098D4-57FB-448C-9FBA-1DF90AEE039E}.Release|Any CPU.ActiveCfg = Release|Any CPU
		{9EB098D4-57FB-448C-9FBA-1DF90AEE039E}.Release|Any CPU.Build.0 = Release|Any CPU
		{2AA61578-CF0E-4195-BBB8-771A779B6B6D}.Debug|Any CPU.ActiveCfg = Debug|Any CPU
		{2AA61578-CF0E-4195-BBB8-771A779B6B6D}.Debug|Any CPU.Build.0 = Debug|Any CPU
		{2AA61578-CF0E-4195-BBB8-771A779B6B6D}.Release|Any CPU.ActiveCfg = Release|Any CPU
		{2AA61578-CF0E-4195-BBB8-771A779B6B6D}.Release|Any CPU.Build.0 = Release|Any CPU
	EndGlobalSection
	GlobalSection(SolutionProperties) = preSolution
		HideSolutionNode = FALSE
	EndGlobalSection
EndGlobal
